github.com/hugomods/icons v0.6.0 h1:G6RU93okhPPRDh/jqcew9gwkcYpSpg0rCBv4S6yUAFw=
github.com/hugomods/icons v0.6.0/go.mod h1:cIkSvK6W0q6N4U6n9KGz+QfRWQXAW0INd+1P31gPNGg=
github.com/hugomods/icons/vendors/mdi v0.3.1 h1:FVmW8I0YbYWuZ7wRfXemFfsgUllF60atwAww98vBshI=
github.com/hugomods/icons/vendors/mdi v0.3.1/go.mod h1:zGZ9hTyZbsF3WXwqrLGl0nsoZX9jj2XthdGS1NDSfvs=
