github.com/Templarian/MaterialDesign-SVG v7.4.47+incompatible h1:w99yYrLvkTj5A9Dxd8mzNoFQpOBx9aRS03RrrqjzLuw=
github.com/Templarian/MaterialDesign-SVG v7.4.47+incompatible/go.mod h1:SRSiaLOZazGp4UpKPQRm37h4A3cKLHXaybAqaJ7Lfx8=
github.com/hugomods/icons v0.6.3 h1:2Ra6NU2GOeVvz8vowLq/OZCTzxqhq84MA0TICRBVxeY=
github.com/hugomods/icons v0.6.3/go.mod h1:cIkSvK6W0q6N4U6n9KGz+QfRWQXAW0INd+1P31gPNGg=
github.com/hugomods/icons/vendors/mdi v0.3.5 h1:VdcPhyC8wlEF2/vUFYVeN2TBamZiyt57HgX0Ty1yWwQ=
github.com/hugomods/icons/vendors/mdi v0.3.5/go.mod h1:ajB07ZVLHUwluArjYQ/kgNi4WEBYp6wRjPIAHOaMDrA=
